
Microsoft Visual Studio Solution File, Format Version 12.00
# Visual Studio 2013
VisualStudioVersion = 12.0.21005.1
MinimumVisualStudioVersion = 10.0.40219.1
Project("{FAE04EC0-301F-11D3-BF4B-00C04F79EFBC}") = "Bela.DAL", "Bela.DAL\Bela.DAL.csproj", "{56D0F7CF-C7A8-458F-A38E-B38CB2A2C22D}"
EndProject
Project("{FAE04EC0-301F-11D3-BF4B-00C04F79EFBC}") = "Bela.BL", "Bela.BL\Bela.BL.csproj", "{AB60A684-5285-4B32-A282-73495EC6D1D8}"
EndProject
Project("{FAE04EC0-301F-11D3-BF4B-00C04F79EFBC}") = "Bela.Datos", "Bela.Datos\Bela.Datos.csproj", "{BA2F0E3B-6C6A-42AB-91FB-EB73C62ACA11}"
EndProject
Project("{FAE04EC0-301F-11D3-BF4B-00C04F79EFBC}") = "Bela.UI", "Bela.UI\Bela.UI.csproj", "{7A644A88-69DE-475B-908C-5E0183C0CF7A}"
EndProject
Global
	GlobalSection(SolutionConfigurationPlatforms) = preSolution
		Debug|Any CPU = Debug|Any CPU
		Release|Any CPU = Release|Any CPU
	EndGlobalSection
	GlobalSection(ProjectConfigurationPlatforms) = postSolution
		{56D0F7CF-C7A8-458F-A38E-B38CB2A2C22D}.Debug|Any CPU.ActiveCfg = Debug|Any CPU
		{56D0F7CF-C7A8-458F-A38E-B38CB2A2C22D}.Debug|Any CPU.Build.0 = Debug|Any CPU
		{56D0F7CF-C7A8-458F-A38E-B38CB2A2C22D}.Release|Any CPU.ActiveCfg = Release|Any CPU
		{56D0F7CF-C7A8-458F-A38E-B38CB2A2C22D}.Release|Any CPU.Build.0 = Release|Any CPU
		{AB60A684-5285-4B32-A282-73495EC6D1D8}.Debug|Any CPU.ActiveCfg = Debug|Any CPU
		{AB60A684-5285-4B32-A282-73495EC6D1D8}.Debug|Any CPU.Build.0 = Debug|Any CPU
		{AB60A684-5285-4B32-A282-73495EC6D1D8}.Release|Any CPU.ActiveCfg = Release|Any CPU
		{AB60A684-5285-4B32-A282-73495EC6D1D8}.Release|Any CPU.Build.0 = Release|Any CPU
		{BA2F0E3B-6C6A-42AB-91FB-EB73C62ACA11}.Debug|Any CPU.ActiveCfg = Debug|Any CPU
		{BA2F0E3B-6C6A-42AB-91FB-EB73C62ACA11}.Debug|Any CPU.Build.0 = Debug|Any CPU
		{BA2F0E3B-6C6A-42AB-91FB-EB73C62ACA11}.Release|Any CPU.ActiveCfg = Release|Any CPU
		{BA2F0E3B-6C6A-42AB-91FB-EB73C62ACA11}.Release|Any CPU.Build.0 = Release|Any CPU
		{7A644A88-69DE-475B-908C-5E0183C0CF7A}.Debug|Any CPU.ActiveCfg = Debug|Any CPU
		{7A644A88-69DE-475B-908C-5E0183C0CF7A}.Debug|Any CPU.Build.0 = Debug|Any CPU
		{7A644A88-69DE-475B-908C-5E0183C0CF7A}.Release|Any CPU.ActiveCfg = Release|Any CPU
		{7A644A88-69DE-475B-908C-5E0183C0CF7A}.Release|Any CPU.Build.0 = Release|Any CPU
	EndGlobalSection
	GlobalSection(SolutionProperties) = preSolution
		HideSolutionNode = FALSE
	EndGlobalSection
EndGlobal
